
Microsoft Visual Studio Solution File, Format Version 12.00
# Visual Studio Version 17
VisualStudioVersion = 17.9.34607.119
MinimumVisualStudioVersion = 10.0.40219.1
Project("{FAE04EC0-301F-11D3-BF4B-00C04F79EFBC}") = "ReadFilePlano", "ReadFilePlano.csproj", "{B313C664-20A4-4356-AEA0-8BBFD03CC122}"
EndProject
Global
	GlobalSection(SolutionConfigurationPlatforms) = preSolution
		Debug|Any CPU = Debug|Any CPU
		Release|Any CPU = Release|Any CPU
	EndGlobalSection
	GlobalSection(ProjectConfigurationPlatforms) = postSolution
		{B313C664-20A4-4356-AEA0-8BBFD03CC122}.Debug|Any CPU.ActiveCfg = Debug|Any CPU
		{B313C664-20A4-4356-AEA0-8BBFD03CC122}.Debug|Any CPU.Build.0 = Debug|Any CPU
		{B313C664-20A4-4356-AEA0-8BBFD03CC122}.Release|Any CPU.ActiveCfg = Release|Any CPU
		{B313C664-20A4-4356-AEA0-8BBFD03CC122}.Release|Any CPU.Build.0 = Release|Any CPU
	EndGlobalSection
	GlobalSection(SolutionProperties) = preSolution
		HideSolutionNode = FALSE
	EndGlobalSection
	GlobalSection(ExtensibilityGlobals) = postSolution
		SolutionGuid = {192C0DB2-3DDE-480C-B219-DB72E0452467}
	EndGlobalSection
EndGlobal
